// !$*UTF8*$!
{
	archiveVersion = 1;
	classes = {
	};
	objectVersion = 56;
	objects = {

/* Begin PBXBuildFile section */
		187C1C662AC5A1B600F232FC /* SnapKit in Frameworks */ = {isa = PBXBuildFile; productRef = 187C1C652AC5A1B600F232FC /* SnapKit */; };
		1880215E28FAE95C00551226 /* AppDelegate.swift in Sources */ = {isa = PBXBuildFile; fileRef = 1880215D28FAE95C00551226 /* AppDelegate.swift */; };
		1880216028FAE95C00551226 /* SceneDelegate.swift in Sources */ = {isa = PBXBuildFile; fileRef = 1880215F28FAE95C00551226 /* SceneDelegate.swift */; };
		1880216228FAE95C00551226 /* LtvViewController.swift in Sources */ = {isa = PBXBuildFile; fileRef = 1880216128FAE95C00551226 /* LtvViewController.swift */; };
		1880216728FAE95F00551226 /* Assets.xcassets in Resources */ = {isa = PBXBuildFile; fileRef = 1880216628FAE95F00551226 /* Assets.xcassets */; };
		1880216A28FAE95F00551226 /* LaunchScreen.storyboard in Resources */ = {isa = PBXBuildFile; fileRef = 1880216828FAE95F00551226 /* LaunchScreen.storyboard */; };
		1880217328FAEB0E00551226 /* LtvView.swift in Sources */ = {isa = PBXBuildFile; fileRef = 1880217228FAEB0E00551226 /* LtvView.swift */; };
		1880217528FAEB1F00551226 /* LtvModel.swift in Sources */ = {isa = PBXBuildFile; fileRef = 1880217428FAEB1F00551226 /* LtvModel.swift */; };
		1880217728FAEB2B00551226 /* LtvPresenter.swift in Sources */ = {isa = PBXBuildFile; fileRef = 1880217628FAEB2B00551226 /* LtvPresenter.swift */; };
		1880217B28FAED3900551226 /* Constants.swift in Sources */ = {isa = PBXBuildFile; fileRef = 1880217A28FAED3900551226 /* Constants.swift */; };
		1880217E28FB0DF800551226 /* ApiService.swift in Sources */ = {isa = PBXBuildFile; fileRef = 1880217D28FB0DF800551226 /* ApiService.swift */; };
		18E17CA529A6DD9400456EAC /* UrlBuilder.swift in Sources */ = {isa = PBXBuildFile; fileRef = 18E17CA429A6DD9400456EAC /* UrlBuilder.swift */; };
/* End PBXBuildFile section */

/* Begin PBXFileReference section */
		1880215A28FAE95C00551226 /* LoseTheVery.app */ = {isa = PBXFileReference; explicitFileType = wrapper.application; includeInIndex = 0; path = LoseTheVery.app; sourceTree = BUILT_PRODUCTS_DIR; };
		1880215D28FAE95C00551226 /* AppDelegate.swift */ = {isa = PBXFileReference; lastKnownFileType = sourcecode.swift; path = AppDelegate.swift; sourceTree = "<group>"; };
		1880215F28FAE95C00551226 /* SceneDelegate.swift */ = {isa = PBXFileReference; lastKnownFileType = sourcecode.swift; path = SceneDelegate.swift; sourceTree = "<group>"; };
		1880216128FAE95C00551226 /* LtvViewController.swift */ = {isa = PBXFileReference; lastKnownFileType = sourcecode.swift; path = LtvViewController.swift; sourceTree = "<group>"; };
		1880216628FAE95F00551226 /* Assets.xcassets */ = {isa = PBXFileReference; lastKnownFileType = folder.assetcatalog; path = Assets.xcassets; sourceTree = "<group>"; };
		1880216928FAE95F00551226 /* Base */ = {isa = PBXFileReference; lastKnownFileType = file.storyboard; name = Base; path = Base.lproj/LaunchScreen.storyboard; sourceTree = "<group>"; };
		1880216B28FAE95F00551226 /* Info.plist */ = {isa = PBXFileReference; lastKnownFileType = text.plist.xml; path = Info.plist; sourceTree = "<group>"; };
		1880217228FAEB0E00551226 /* LtvView.swift */ = {isa = PBXFileReference; lastKnownFileType = sourcecode.swift; path = LtvView.swift; sourceTree = "<group>"; };
		1880217428FAEB1F00551226 /* LtvModel.swift */ = {isa = PBXFileReference; lastKnownFileType = sourcecode.swift; path = LtvModel.swift; sourceTree = "<group>"; };
		1880217628FAEB2B00551226 /* LtvPresenter.swift */ = {isa = PBXFileReference; lastKnownFileType = sourcecode.swift; path = LtvPresenter.swift; sourceTree = "<group>"; };
		1880217A28FAED3900551226 /* Constants.swift */ = {isa = PBXFileReference; lastKnownFileType = sourcecode.swift; path = Constants.swift; sourceTree = "<group>"; };
		1880217D28FB0DF800551226 /* ApiService.swift */ = {isa = PBXFileReference; lastKnownFileType = sourcecode.swift; path = ApiService.swift; sourceTree = "<group>"; };
		18E17CA429A6DD9400456EAC /* UrlBuilder.swift */ = {isa = PBXFileReference; lastKnownFileType = sourcecode.swift; path = UrlBuilder.swift; sourceTree = "<group>"; };
/* End PBXFileReference section */

/* Begin PBXFrameworksBuildPhase section */
		1880215728FAE95C00551226 /* Frameworks */ = {
			isa = PBXFrameworksBuildPhase;
			buildActionMask = 2147483647;
			files = (
				187C1C662AC5A1B600F232FC /* SnapKit in Frameworks */,
			);
			runOnlyForDeploymentPostprocessing = 0;
		};
/* End PBXFrameworksBuildPhase section */

/* Begin PBXGroup section */
		1880215128FAE95C00551226 = {
			isa = PBXGroup;
			children = (
				1880215C28FAE95C00551226 /* LoseTheVery */,
				1880215B28FAE95C00551226 /* Products */,
			);
			sourceTree = "<group>";
		};
		1880215B28FAE95C00551226 /* Products */ = {
			isa = PBXGroup;
			children = (
				1880215A28FAE95C00551226 /* LoseTheVery.app */,
			);
			name = Products;
			sourceTree = "<group>";
		};
		1880215C28FAE95C00551226 /* LoseTheVery */ = {
			isa = PBXGroup;
			children = (
				1880215D28FAE95C00551226 /* AppDelegate.swift */,
				1880215F28FAE95C00551226 /* SceneDelegate.swift */,
				1880217128FAEAE600551226 /* LoseTheVeryModule */,
				1880217C28FB0DE400551226 /* Services */,
				1880217828FAECCA00551226 /* Resources */,
				1880216B28FAE95F00551226 /* Info.plist */,
			);
			path = LoseTheVery;
			sourceTree = "<group>";
		};
		1880217128FAEAE600551226 /* LoseTheVeryModule */ = {
			isa = PBXGroup;
			children = (
				1880217428FAEB1F00551226 /* LtvModel.swift */,
				1880217628FAEB2B00551226 /* LtvPresenter.swift */,
				1880217228FAEB0E00551226 /* LtvView.swift */,
				1880216128FAE95C00551226 /* LtvViewController.swift */,
			);
			path = LoseTheVeryModule;
			sourceTree = "<group>";
		};
		1880217828FAECCA00551226 /* Resources */ = {
			isa = PBXGroup;
			children = (
				1880217A28FAED3900551226 /* Constants.swift */,
				1880216628FAE95F00551226 /* Assets.xcassets */,
				1880216828FAE95F00551226 /* LaunchScreen.storyboard */,
			);
			path = Resources;
			sourceTree = "<group>";
		};
		1880217C28FB0DE400551226 /* Services */ = {
			isa = PBXGroup;
			children = (
				1880217D28FB0DF800551226 /* ApiService.swift */,
				18E17CA429A6DD9400456EAC /* UrlBuilder.swift */,
			);
			path = Services;
			sourceTree = "<group>";
		};
/* End PBXGroup section */

/* Begin PBXNativeTarget section */
		1880215928FAE95C00551226 /* LoseTheVery */ = {
			isa = PBXNativeTarget;
			buildConfigurationList = 1880216E28FAE95F00551226 /* Build configuration list for PBXNativeTarget "LoseTheVery" */;
			buildPhases = (
				1880215628FAE95C00551226 /* Sources */,
				1880215728FAE95C00551226 /* Frameworks */,
				1880215828FAE95C00551226 /* Resources */,
			);
			buildRules = (
			);
			dependencies = (
			);
			name = LoseTheVery;
			packageProductDependencies = (
				187C1C652AC5A1B600F232FC /* SnapKit */,
			);
			productName = LoseTheVery;
			productReference = 1880215A28FAE95C00551226 /* LoseTheVery.app */;
			productType = "com.apple.product-type.application";
		};
/* End PBXNativeTarget section */

/* Begin PBXProject section */
		1880215228FAE95C00551226 /* Project object */ = {
			isa = PBXProject;
			attributes = {
				BuildIndependentTargetsInParallel = 1;
				LastSwiftUpdateCheck = 1400;
				LastUpgradeCheck = 1400;
				TargetAttributes = {
					1880215928FAE95C00551226 = {
						CreatedOnToolsVersion = 14.0.1;
					};
				};
			};
			buildConfigurationList = 1880215528FAE95C00551226 /* Build configuration list for PBXProject "LoseTheVery" */;
			compatibilityVersion = "Xcode 14.0";
			developmentRegion = en;
			hasScannedForEncodings = 0;
			knownRegions = (
				en,
				Base,
			);
			mainGroup = 1880215128FAE95C00551226;
			packageReferences = (
				187C1C642AC5A1B600F232FC /* XCRemoteSwiftPackageReference "SnapKit" */,
			);
			productRefGroup = 1880215B28FAE95C00551226 /* Products */;
			projectDirPath = "";
			projectRoot = "";
			targets = (
				1880215928FAE95C00551226 /* LoseTheVery */,
			);
		};
/* End PBXProject section */

/* Begin PBXResourcesBuildPhase section */
		1880215828FAE95C00551226 /* Resources */ = {
			isa = PBXResourcesBuildPhase;
			buildActionMask = 2147483647;
			files = (
				1880216A28FAE95F00551226 /* LaunchScreen.storyboard in Resources */,
				1880216728FAE95F00551226 /* Assets.xcassets in Resources */,
			);
			runOnlyForDeploymentPostprocessing = 0;
		};
/* End PBXResourcesBuildPhase section */

/* Begin PBXSourcesBuildPhase section */
		1880215628FAE95C00551226 /* Sources */ = {
			isa = PBXSourcesBuildPhase;
			buildActionMask = 2147483647;
			files = (
				18E17CA529A6DD9400456EAC /* UrlBuilder.swift in Sources */,
				1880217528FAEB1F00551226 /* LtvModel.swift in Sources */,
				1880216228FAE95C00551226 /* LtvViewController.swift in Sources */,
				1880217328FAEB0E00551226 /* LtvView.swift in Sources */,
				1880217728FAEB2B00551226 /* LtvPresenter.swift in Sources */,
				1880217B28FAED3900551226 /* Constants.swift in Sources */,
				1880217E28FB0DF800551226 /* ApiService.swift in Sources */,
				1880215E28FAE95C00551226 /* AppDelegate.swift in Sources */,
				1880216028FAE95C00551226 /* SceneDelegate.swift in Sources */,
			);
			runOnlyForDeploymentPostprocessing = 0;
		};
/* End PBXSourcesBuildPhase section */

/* Begin PBXVariantGroup section */
		1880216828FAE95F00551226 /* LaunchScreen.storyboard */ = {
			isa = PBXVariantGroup;
			children = (
				1880216928FAE95F00551226 /* Base */,
			);
			name = LaunchScreen.storyboard;
			sourceTree = "<group>";
		};
/* End PBXVariantGroup section */

/* Begin XCBuildConfiguration section */
		1880216C28FAE95F00551226 /* Debug */ = {
			isa = XCBuildConfiguration;
			buildSettings = {
				ALWAYS_SEARCH_USER_PATHS = NO;
				CLANG_ANALYZER_NONNULL = YES;
				CLANG_ANALYZER_NUMBER_OBJECT_CONVERSION = YES_AGGRESSIVE;
				CLANG_CXX_LANGUAGE_STANDARD = "gnu++20";
				CLANG_ENABLE_MODULES = YES;
				CLANG_ENABLE_OBJC_ARC = YES;
				CLANG_ENABLE_OBJC_WEAK = YES;
				CLANG_WARN_BLOCK_CAPTURE_AUTORELEASING = YES;
				CLANG_WARN_BOOL_CONVERSION = YES;
				CLANG_WARN_COMMA = YES;
				CLANG_WARN_CONSTANT_CONVERSION = YES;
				CLANG_WARN_DEPRECATED_OBJC_IMPLEMENTATIONS = YES;
				CLANG_WARN_DIRECT_OBJC_ISA_USAGE = YES_ERROR;
				CLANG_WARN_DOCUMENTATION_COMMENTS = YES;
				CLANG_WARN_EMPTY_BODY = YES;
				CLANG_WARN_ENUM_CONVERSION = YES;
				CLANG_WARN_INFINITE_RECURSION = YES;
				CLANG_WARN_INT_CONVERSION = YES;
				CLANG_WARN_NON_LITERAL_NULL_CONVERSION = YES;
				CLANG_WARN_OBJC_IMPLICIT_RETAIN_SELF = YES;
				CLANG_WARN_OBJC_LITERAL_CONVERSION = YES;
				CLANG_WARN_OBJC_ROOT_CLASS = YES_ERROR;
				CLANG_WARN_QUOTED_INCLUDE_IN_FRAMEWORK_HEADER = YES;
				CLANG_WARN_RANGE_LOOP_ANALYSIS = YES;
				CLANG_WARN_STRICT_PROTOTYPES = YES;
				CLANG_WARN_SUSPICIOUS_MOVE = YES;
				CLANG_WARN_UNGUARDED_AVAILABILITY = YES_AGGRESSIVE;
				CLANG_WARN_UNREACHABLE_CODE = YES;
				CLANG_WARN__DUPLICATE_METHOD_MATCH = YES;
				COPY_PHASE_STRIP = NO;
				DEBUG_INFORMATION_FORMAT = dwarf;
				ENABLE_STRICT_OBJC_MSGSEND = YES;
				ENABLE_TESTABILITY = YES;
				GCC_C_LANGUAGE_STANDARD = gnu11;
				GCC_DYNAMIC_NO_PIC = NO;
				GCC_NO_COMMON_BLOCKS = YES;
				GCC_OPTIMIZATION_LEVEL = 0;
				GCC_PREPROCESSOR_DEFINITIONS = (
					"DEBUG=1",
					"$(inherited)",
				);
				GCC_WARN_64_TO_32_BIT_CONVERSION = YES;
				GCC_WARN_ABOUT_RETURN_TYPE = YES_ERROR;
				GCC_WARN_UNDECLARED_SELECTOR = YES;
				GCC_WARN_UNINITIALIZED_AUTOS = YES_AGGRESSIVE;
				GCC_WARN_UNUSED_FUNCTION = YES;
				GCC_WARN_UNUSED_VARIABLE = YES;
				IPHONEOS_DEPLOYMENT_TARGET = 14.0;
				MTL_ENABLE_DEBUG_INFO = INCLUDE_SOURCE;
				MTL_FAST_MATH = YES;
				ONLY_ACTIVE_ARCH = YES;
				SDKROOT = iphoneos;
				SWIFT_ACTIVE_COMPILATION_CONDITIONS = DEBUG;
				SWIFT_OPTIMIZATION_LEVEL = "-Onone";
			};
			name = Debug;
		};
		1880216D28FAE95F00551226 /* Release */ = {
			isa = XCBuildConfiguration;
			buildSettings = {
				ALWAYS_SEARCH_USER_PATHS = NO;
				CLANG_ANALYZER_NONNULL = YES;
				CLANG_ANALYZER_NUMBER_OBJECT_CONVERSION = YES_AGGRESSIVE;
				CLANG_CXX_LANGUAGE_STANDARD = "gnu++20";
				CLANG_ENABLE_MODULES = YES;
				CLANG_ENABLE_OBJC_ARC = YES;
				CLANG_ENABLE_OBJC_WEAK = YES;
				CLANG_WARN_BLOCK_CAPTURE_AUTORELEASING = YES;
				CLANG_WARN_BOOL_CONVERSION = YES;
				CLANG_WARN_COMMA = YES;
				CLANG_WARN_CONSTANT_CONVERSION = YES;
				CLANG_WARN_DEPRECATED_OBJC_IMPLEMENTATIONS = YES;
				CLANG_WARN_DIRECT_OBJC_ISA_USAGE = YES_ERROR;
				CLANG_WARN_DOCUMENTATION_COMMENTS = YES;
				CLANG_WARN_EMPTY_BODY = YES;
				CLANG_WARN_ENUM_CONVERSION = YES;
				CLANG_WARN_INFINITE_RECURSION = YES;
				CLANG_WARN_INT_CONVERSION = YES;
				CLANG_WARN_NON_LITERAL_NULL_CONVERSION = YES;
				CLANG_WARN_OBJC_IMPLICIT_RETAIN_SELF = YES;
				CLANG_WARN_OBJC_LITERAL_CONVERSION = YES;
				CLANG_WARN_OBJC_ROOT_CLASS = YES_ERROR;
				CLANG_WARN_QUOTED_INCLUDE_IN_FRAMEWORK_HEADER = YES;
				CLANG_WARN_RANGE_LOOP_ANALYSIS = YES;
				CLANG_WARN_STRICT_PROTOTYPES = YES;
				CLANG_WARN_SUSPICIOUS_MOVE = YES;
				CLANG_WARN_UNGUARDED_AVAILABILITY = YES_AGGRESSIVE;
				CLANG_WARN_UNREACHABLE_CODE = YES;
				CLANG_WARN__DUPLICATE_METHOD_MATCH = YES;
				COPY_PHASE_STRIP = NO;
				DEBUG_INFORMATION_FORMAT = "dwarf-with-dsym";
				ENABLE_NS_ASSERTIONS = NO;
				ENABLE_STRICT_OBJC_MSGSEND = YES;
				GCC_C_LANGUAGE_STANDARD = gnu11;
				GCC_NO_COMMON_BLOCKS = YES;
				GCC_WARN_64_TO_32_BIT_CONVERSION = YES;
				GCC_WARN_ABOUT_RETURN_TYPE = YES_ERROR;
				GCC_WARN_UNDECLARED_SELECTOR = YES;
				GCC_WARN_UNINITIALIZED_AUTOS = YES_AGGRESSIVE;
				GCC_WARN_UNUSED_FUNCTION = YES;
				GCC_WARN_UNUSED_VARIABLE = YES;
				IPHONEOS_DEPLOYMENT_TARGET = 14.0;
				MTL_ENABLE_DEBUG_INFO = NO;
				MTL_FAST_MATH = YES;
				SDKROOT = iphoneos;
				SWIFT_COMPILATION_MODE = wholemodule;
				SWIFT_OPTIMIZATION_LEVEL = "-O";
				VALIDATE_PRODUCT = YES;
			};
			name = Release;
		};
		1880216F28FAE95F00551226 /* Debug */ = {
			isa = XCBuildConfiguration;
			buildSettings = {
				ASSETCATALOG_COMPILER_APPICON_NAME = AppIcon;
				ASSETCATALOG_COMPILER_GLOBAL_ACCENT_COLOR_NAME = AccentColor;
				CODE_SIGN_STYLE = Automatic;
				CURRENT_PROJECT_VERSION = 1;
				DEVELOPMENT_TEAM = T8C5478722;
				GENERATE_INFOPLIST_FILE = YES;
				INFOPLIST_FILE = LoseTheVery/Info.plist;
				INFOPLIST_KEY_CFBundleDisplayName = "Lose the Very";
				INFOPLIST_KEY_UIApplicationSupportsIndirectInputEvents = YES;
				INFOPLIST_KEY_UILaunchStoryboardName = LaunchScreen.storyboard;
				INFOPLIST_KEY_UIStatusBarStyle = UIStatusBarStyleDarkContent;
				INFOPLIST_KEY_UISupportedInterfaceOrientations = UIInterfaceOrientationPortrait;
				IPHONEOS_DEPLOYMENT_TARGET = 14.0;
				LD_RUNPATH_SEARCH_PATHS = (
					"$(inherited)",
					"@executable_path/Frameworks",
				);
				MARKETING_VERSION = 1.0;
				PRODUCT_BUNDLE_IDENTIFIER = com.MisterSir.LoseTheVery;
				PRODUCT_NAME = "$(TARGET_NAME)";
				SUPPORTED_PLATFORMS = "iphoneos iphonesimulator";
				SUPPORTS_MACCATALYST = NO;
				SUPPORTS_MAC_DESIGNED_FOR_IPHONE_IPAD = NO;
				SWIFT_EMIT_LOC_STRINGS = YES;
				SWIFT_VERSION = 5.0;
				TARGETED_DEVICE_FAMILY = 1;
			};
			name = Debug;
		};
		1880217028FAE95F00551226 /* Release */ = {
			isa = XCBuildConfiguration;
			buildSettings = {
				ASSETCATALOG_COMPILER_APPICON_NAME = AppIcon;
				ASSETCATALOG_COMPILER_GLOBAL_ACCENT_COLOR_NAME = AccentColor;
				CODE_SIGN_STYLE = Automatic;
				CURRENT_PROJECT_VERSION = 1;
				DEVELOPMENT_TEAM = T8C5478722;
				GENERATE_INFOPLIST_FILE = YES;
				INFOPLIST_FILE = LoseTheVery/Info.plist;
				INFOPLIST_KEY_CFBundleDisplayName = "Lose the Very";
				INFOPLIST_KEY_UIApplicationSupportsIndirectInputEvents = YES;
				INFOPLIST_KEY_UILaunchStoryboardName = LaunchScreen.storyboard;
				INFOPLIST_KEY_UIStatusBarStyle = UIStatusBarStyleDarkContent;
				INFOPLIST_KEY_UISupportedInterfaceOrientations = UIInterfaceOrientationPortrait;
				IPHONEOS_DEPLOYMENT_TARGET = 14.0;
				LD_RUNPATH_SEARCH_PATHS = (
					"$(inherited)",
					"@executable_path/Frameworks",
				);
				MARKETING_VERSION = 1.0;
				PRODUCT_BUNDLE_IDENTIFIER = com.MisterSir.LoseTheVery;
				PRODUCT_NAME = "$(TARGET_NAME)";
				SUPPORTED_PLATFORMS = "iphoneos iphonesimulator";
				SUPPORTS_MACCATALYST = NO;
				SUPPORTS_MAC_DESIGNED_FOR_IPHONE_IPAD = NO;
				SWIFT_EMIT_LOC_STRINGS = YES;
				SWIFT_VERSION = 5.0;
				TARGETED_DEVICE_FAMILY = 1;
			};
			name = Release;
		};
/* End XCBuildConfiguration section */

/* Begin XCConfigurationList section */
		1880215528FAE95C00551226 /* Build configuration list for PBXProject "LoseTheVery" */ = {
			isa = XCConfigurationList;
			buildConfigurations = (
				1880216C28FAE95F00551226 /* Debug */,
				1880216D28FAE95F00551226 /* Release */,
			);
			defaultConfigurationIsVisible = 0;
			defaultConfigurationName = Release;
		};
		1880216E28FAE95F00551226 /* Build configuration list for PBXNativeTarget "LoseTheVery" */ = {
			isa = XCConfigurationList;
			buildConfigurations = (
				1880216F28FAE95F00551226 /* Debug */,
				1880217028FAE95F00551226 /* Release */,
			);
			defaultConfigurationIsVisible = 0;
			defaultConfigurationName = Release;
		};
/* End XCConfigurationList section */

/* Begin XCRemoteSwiftPackageReference section */
		187C1C642AC5A1B600F232FC /* XCRemoteSwiftPackageReference "SnapKit" */ = {
			isa = XCRemoteSwiftPackageReference;
			repositoryURL = "https://github.com/SnapKit/SnapKit";
			requirement = {
				kind = upToNextMajorVersion;
				minimumVersion = 5.0.0;
			};
		};
/* End XCRemoteSwiftPackageReference section */

/* Begin XCSwiftPackageProductDependency section */
		187C1C652AC5A1B600F232FC /* SnapKit */ = {
			isa = XCSwiftPackageProductDependency;
			package = 187C1C642AC5A1B600F232FC /* XCRemoteSwiftPackageReference "SnapKit" */;
			productName = SnapKit;
		};
/* End XCSwiftPackageProductDependency section */
	};
	rootObject = 1880215228FAE95C00551226 /* Project object */;
}
